
Microsoft Visual Studio Solution File, Format Version 12.00
# Visual Studio Version 17
VisualStudioVersion = 17.6.33815.320
MinimumVisualStudioVersion = 10.0.40219.1
Project("{FAE04EC0-301F-11D3-BF4B-00C04F79EFBC}") = "elite-binds-backup-script", "elite-binds-backup-script.csproj", "{240E40C1-F86E-497B-B279-4F7EEB6F048B}"
EndProject
Global
	GlobalSection(SolutionConfigurationPlatforms) = preSolution
		Debug|Any CPU = Debug|Any CPU
		Release|Any CPU = Release|Any CPU
	EndGlobalSection
	GlobalSection(ProjectConfigurationPlatforms) = postSolution
		{240E40C1-F86E-497B-B279-4F7EEB6F048B}.Debug|Any CPU.ActiveCfg = Debug|Any CPU
		{240E40C1-F86E-497B-B279-4F7EEB6F048B}.Debug|Any CPU.Build.0 = Debug|Any CPU
		{240E40C1-F86E-497B-B279-4F7EEB6F048B}.Release|Any CPU.ActiveCfg = Release|Any CPU
		{240E40C1-F86E-497B-B279-4F7EEB6F048B}.Release|Any CPU.Build.0 = Release|Any CPU
	EndGlobalSection
	GlobalSection(SolutionProperties) = preSolution
		HideSolutionNode = FALSE
	EndGlobalSection
	GlobalSection(ExtensibilityGlobals) = postSolution
		SolutionGuid = {48726C40-3082-424B-9DBA-AAA82F168D49}
	EndGlobalSection
EndGlobal
